
Microsoft Visual Studio Solution File, Format Version 12.00
# Visual Studio Version 17
VisualStudioVersion = 17.3.32929.385
MinimumVisualStudioVersion = 10.0.40219.1
Project("{FAE04EC0-301F-11D3-BF4B-00C04F79EFBC}") = "WpfApp1", "WpfApp1\WpfApp1.csproj", "{EFE1D741-B77A-4603-846C-FDC203E4164C}"
EndProject
Global
	GlobalSection(SolutionConfigurationPlatforms) = preSolution
		Debug|Any CPU = Debug|Any CPU
		Release|Any CPU = Release|Any CPU
	EndGlobalSection
	GlobalSection(ProjectConfigurationPlatforms) = postSolution
		{EFE1D741-B77A-4603-846C-FDC203E4164C}.Debug|Any CPU.ActiveCfg = Debug|Any CPU
		{EFE1D741-B77A-4603-846C-FDC203E4164C}.Debug|Any CPU.Build.0 = Debug|Any CPU
		{EFE1D741-B77A-4603-846C-FDC203E4164C}.Release|Any CPU.ActiveCfg = Release|Any CPU
		{EFE1D741-B77A-4603-846C-FDC203E4164C}.Release|Any CPU.Build.0 = Release|Any CPU
	EndGlobalSection
	GlobalSection(SolutionProperties) = preSolution
		HideSolutionNode = FALSE
	EndGlobalSection
	GlobalSection(ExtensibilityGlobals) = postSolution
		SolutionGuid = {3CDFB3B5-5E0A-414F-9A4B-065625A7A1DF}
	EndGlobalSection
EndGlobal
